
Microsoft Visual Studio Solution File, Format Version 12.00
# Visual Studio Version 17
VisualStudioVersion = 17.14.37012.4 d17.14
MinimumVisualStudioVersion = 10.0.40219.1
Project("{FAE04EC0-301F-11D3-BF4B-00C04F79EFBC}") = "LeetCode", "LeetCode\LeetCode.csproj", "{D98F1849-363C-47B8-A8EA-8DD77D6FEE8B}"
EndProject
Global
	GlobalSection(SolutionConfigurationPlatforms) = preSolution
		Debug|Any CPU = Debug|Any CPU
		Release|Any CPU = Release|Any CPU
	EndGlobalSection
	GlobalSection(ProjectConfigurationPlatforms) = postSolution
		{D98F1849-363C-47B8-A8EA-8DD77D6FEE8B}.Debug|Any CPU.ActiveCfg = Debug|Any CPU
		{D98F1849-363C-47B8-A8EA-8DD77D6FEE8B}.Debug|Any CPU.Build.0 = Debug|Any CPU
		{D98F1849-363C-47B8-A8EA-8DD77D6FEE8B}.Release|Any CPU.ActiveCfg = Release|Any CPU
		{D98F1849-363C-47B8-A8EA-8DD77D6FEE8B}.Release|Any CPU.Build.0 = Release|Any CPU
	EndGlobalSection
	GlobalSection(SolutionProperties) = preSolution
		HideSolutionNode = FALSE
	EndGlobalSection
	GlobalSection(ExtensibilityGlobals) = postSolution
		SolutionGuid = {076523C5-E311-4E12-8EEC-784545283C13}
	EndGlobalSection
EndGlobal
